// !$*UTF8*$!
{
	archiveVersion = 1;
	classes = {
	};
	objectVersion = 56;
	objects = {

/* Begin PBXBuildFile section */
		ED826C3B28E587520036616E /* AppDelegate.swift in Sources */ = {isa = PBXBuildFile; fileRef = ED826C3A28E587520036616E /* AppDelegate.swift */; };
		ED826C3D28E587520036616E /* SceneDelegate.swift in Sources */ = {isa = PBXBuildFile; fileRef = ED826C3C28E587520036616E /* SceneDelegate.swift */; };
		ED826C4228E587520036616E /* Main.storyboard in Resources */ = {isa = PBXBuildFile; fileRef = ED826C4028E587520036616E /* Main.storyboard */; };
		ED826C4528E587520036616E /* Create_Note_App___Core_Data.xcdatamodeld in Sources */ = {isa = PBXBuildFile; fileRef = ED826C4328E587520036616E /* Create_Note_App___Core_Data.xcdatamodeld */; };
		ED826C4728E587520036616E /* Assets.xcassets in Resources */ = {isa = PBXBuildFile; fileRef = ED826C4628E587520036616E /* Assets.xcassets */; };
		ED826C4A28E587520036616E /* LaunchScreen.storyboard in Resources */ = {isa = PBXBuildFile; fileRef = ED826C4828E587520036616E /* LaunchScreen.storyboard */; };
		ED826C5528E587520036616E /* Create_Note_App___Core_DataTests.swift in Sources */ = {isa = PBXBuildFile; fileRef = ED826C5428E587520036616E /* Create_Note_App___Core_DataTests.swift */; };
		ED826C5F28E587520036616E /* Create_Note_App___Core_DataUITests.swift in Sources */ = {isa = PBXBuildFile; fileRef = ED826C5E28E587520036616E /* Create_Note_App___Core_DataUITests.swift */; };
		ED826C6128E587520036616E /* Create_Note_App___Core_DataUITestsLaunchTests.swift in Sources */ = {isa = PBXBuildFile; fileRef = ED826C6028E587520036616E /* Create_Note_App___Core_DataUITestsLaunchTests.swift */; };
		ED826C7028E589310036616E /* Notes+CoreDataClass.swift in Sources */ = {isa = PBXBuildFile; fileRef = ED826C6E28E589310036616E /* Notes+CoreDataClass.swift */; };
		ED826C7128E589310036616E /* Notes+CoreDataProperties.swift in Sources */ = {isa = PBXBuildFile; fileRef = ED826C6F28E589310036616E /* Notes+CoreDataProperties.swift */; };
		ED826C7428E58B420036616E /* NoteViewController.swift in Sources */ = {isa = PBXBuildFile; fileRef = ED826C7328E58B420036616E /* NoteViewController.swift */; };
/* End PBXBuildFile section */

/* Begin PBXContainerItemProxy section */
		ED826C5128E587520036616E /* PBXContainerItemProxy */ = {
			isa = PBXContainerItemProxy;
			containerPortal = ED826C2F28E587520036616E /* Project object */;
			proxyType = 1;
			remoteGlobalIDString = ED826C3628E587520036616E;
			remoteInfo = "Create Note App - Core Data";
		};
		ED826C5B28E587520036616E /* PBXContainerItemProxy */ = {
			isa = PBXContainerItemProxy;
			containerPortal = ED826C2F28E587520036616E /* Project object */;
			proxyType = 1;
			remoteGlobalIDString = ED826C3628E587520036616E;
			remoteInfo = "Create Note App - Core Data";
		};
/* End PBXContainerItemProxy section */

/* Begin PBXFileReference section */
		ED826C3728E587520036616E /* Create Note App - Core Data.app */ = {isa = PBXFileReference; explicitFileType = wrapper.application; includeInIndex = 0; path = "Create Note App - Core Data.app"; sourceTree = BUILT_PRODUCTS_DIR; };
		ED826C3A28E587520036616E /* AppDelegate.swift */ = {isa = PBXFileReference; lastKnownFileType = sourcecode.swift; path = AppDelegate.swift; sourceTree = "<group>"; };
		ED826C3C28E587520036616E /* SceneDelegate.swift */ = {isa = PBXFileReference; lastKnownFileType = sourcecode.swift; path = SceneDelegate.swift; sourceTree = "<group>"; };
		ED826C4128E587520036616E /* Base */ = {isa = PBXFileReference; lastKnownFileType = file.storyboard; name = Base; path = Base.lproj/Main.storyboard; sourceTree = "<group>"; };
		ED826C4428E587520036616E /* Create_Note_App___Core_Data.xcdatamodel */ = {isa = PBXFileReference; lastKnownFileType = wrapper.xcdatamodel; path = "Create_Note_App___Core_Data.xcdatamodel"; sourceTree = "<group>"; };
		ED826C4628E587520036616E /* Assets.xcassets */ = {isa = PBXFileReference; lastKnownFileType = folder.assetcatalog; path = Assets.xcassets; sourceTree = "<group>"; };
		ED826C4928E587520036616E /* Base */ = {isa = PBXFileReference; lastKnownFileType = file.storyboard; name = Base; path = Base.lproj/LaunchScreen.storyboard; sourceTree = "<group>"; };
		ED826C4B28E587520036616E /* Info.plist */ = {isa = PBXFileReference; lastKnownFileType = text.plist.xml; path = Info.plist; sourceTree = "<group>"; };
		ED826C5028E587520036616E /* Create Note App - Core DataTests.xctest */ = {isa = PBXFileReference; explicitFileType = wrapper.cfbundle; includeInIndex = 0; path = "Create Note App - Core DataTests.xctest"; sourceTree = BUILT_PRODUCTS_DIR; };
		ED826C5428E587520036616E /* Create_Note_App___Core_DataTests.swift */ = {isa = PBXFileReference; lastKnownFileType = sourcecode.swift; path = "Create_Note_App___Core_DataTests.swift"; sourceTree = "<group>"; };
		ED826C5A28E587520036616E /* Create Note App - Core DataUITests.xctest */ = {isa = PBXFileReference; explicitFileType = wrapper.cfbundle; includeInIndex = 0; path = "Create Note App - Core DataUITests.xctest"; sourceTree = BUILT_PRODUCTS_DIR; };
		ED826C5E28E587520036616E /* Create_Note_App___Core_DataUITests.swift */ = {isa = PBXFileReference; lastKnownFileType = sourcecode.swift; path = "Create_Note_App___Core_DataUITests.swift"; sourceTree = "<group>"; };
		ED826C6028E587520036616E /* Create_Note_App___Core_DataUITestsLaunchTests.swift */ = {isa = PBXFileReference; lastKnownFileType = sourcecode.swift; path = "Create_Note_App___Core_DataUITestsLaunchTests.swift"; sourceTree = "<group>"; };
		ED826C6E28E589310036616E /* Notes+CoreDataClass.swift */ = {isa = PBXFileReference; lastKnownFileType = sourcecode.swift; path = "Notes+CoreDataClass.swift"; sourceTree = "<group>"; };
		ED826C6F28E589310036616E /* Notes+CoreDataProperties.swift */ = {isa = PBXFileReference; lastKnownFileType = sourcecode.swift; path = "Notes+CoreDataProperties.swift"; sourceTree = "<group>"; };
		ED826C7328E58B420036616E /* NoteViewController.swift */ = {isa = PBXFileReference; lastKnownFileType = sourcecode.swift; path = NoteViewController.swift; sourceTree = "<group>"; };
/* End PBXFileReference section */

/* Begin PBXFrameworksBuildPhase section */
		ED826C3428E587520036616E /* Frameworks */ = {
			isa = PBXFrameworksBuildPhase;
			buildActionMask = 2147483647;
			files = (
			);
			runOnlyForDeploymentPostprocessing = 0;
		};
		ED826C4D28E587520036616E /* Frameworks */ = {
			isa = PBXFrameworksBuildPhase;
			buildActionMask = 2147483647;
			files = (
			);
			runOnlyForDeploymentPostprocessing = 0;
		};
		ED826C5728E587520036616E /* Frameworks */ = {
			isa = PBXFrameworksBuildPhase;
			buildActionMask = 2147483647;
			files = (
			);
			runOnlyForDeploymentPostprocessing = 0;
		};
/* End PBXFrameworksBuildPhase section */

/* Begin PBXGroup section */
		ED826C2E28E587520036616E = {
			isa = PBXGroup;
			children = (
				ED826C3928E587520036616E /* Create Note App - Core Data */,
				ED826C5328E587520036616E /* Create Note App - Core DataTests */,
				ED826C5D28E587520036616E /* Create Note App - Core DataUITests */,
				ED826C3828E587520036616E /* Products */,
			);
			sourceTree = "<group>";
		};
		ED826C3828E587520036616E /* Products */ = {
			isa = PBXGroup;
			children = (
				ED826C3728E587520036616E /* Create Note App - Core Data.app */,
				ED826C5028E587520036616E /* Create Note App - Core DataTests.xctest */,
				ED826C5A28E587520036616E /* Create Note App - Core DataUITests.xctest */,
			);
			name = Products;
			sourceTree = "<group>";
		};
		ED826C3928E587520036616E /* Create Note App - Core Data */ = {
			isa = PBXGroup;
			children = (
				ED826C6D28E587660036616E /* Core */,
				ED826C7228E589D60036616E /* NotesItem */,
				ED826C7328E58B420036616E /* NoteViewController.swift */,
				ED826C4028E587520036616E /* Main.storyboard */,
				ED826C4628E587520036616E /* Assets.xcassets */,
				ED826C4828E587520036616E /* LaunchScreen.storyboard */,
				ED826C4B28E587520036616E /* Info.plist */,
				ED826C4328E587520036616E /* Create_Note_App___Core_Data.xcdatamodeld */,
			);
			path = "Create Note App - Core Data";
			sourceTree = "<group>";
		};
		ED826C5328E587520036616E /* Create Note App - Core DataTests */ = {
			isa = PBXGroup;
			children = (
				ED826C5428E587520036616E /* Create_Note_App___Core_DataTests.swift */,
			);
			path = "Create Note App - Core DataTests";
			sourceTree = "<group>";
		};
		ED826C5D28E587520036616E /* Create Note App - Core DataUITests */ = {
			isa = PBXGroup;
			children = (
				ED826C5E28E587520036616E /* Create_Note_App___Core_DataUITests.swift */,
				ED826C6028E587520036616E /* Create_Note_App___Core_DataUITestsLaunchTests.swift */,
			);
			path = "Create Note App - Core DataUITests";
			sourceTree = "<group>";
		};
		ED826C6D28E587660036616E /* Core */ = {
			isa = PBXGroup;
			children = (
				ED826C3A28E587520036616E /* AppDelegate.swift */,
				ED826C3C28E587520036616E /* SceneDelegate.swift */,
			);
			path = Core;
			sourceTree = "<group>";
		};
		ED826C7228E589D60036616E /* NotesItem */ = {
			isa = PBXGroup;
			children = (
				ED826C6E28E589310036616E /* Notes+CoreDataClass.swift */,
				ED826C6F28E589310036616E /* Notes+CoreDataProperties.swift */,
			);
			path = NotesItem;
			sourceTree = "<group>";
		};
/* End PBXGroup section */

/* Begin PBXNativeTarget section */
		ED826C3628E587520036616E /* Create Note App - Core Data */ = {
			isa = PBXNativeTarget;
			buildConfigurationList = ED826C6428E587520036616E /* Build configuration list for PBXNativeTarget "Create Note App - Core Data" */;
			buildPhases = (
				ED826C3328E587520036616E /* Sources */,
				ED826C3428E587520036616E /* Frameworks */,
				ED826C3528E587520036616E /* Resources */,
			);
			buildRules = (
			);
			dependencies = (
			);
			name = "Create Note App - Core Data";
			productName = "Create Note App - Core Data";
			productReference = ED826C3728E587520036616E /* Create Note App - Core Data.app */;
			productType = "com.apple.product-type.application";
		};
		ED826C4F28E587520036616E /* Create Note App - Core DataTests */ = {
			isa = PBXNativeTarget;
			buildConfigurationList = ED826C6728E587520036616E /* Build configuration list for PBXNativeTarget "Create Note App - Core DataTests" */;
			buildPhases = (
				ED826C4C28E587520036616E /* Sources */,
				ED826C4D28E587520036616E /* Frameworks */,
				ED826C4E28E587520036616E /* Resources */,
			);
			buildRules = (
			);
			dependencies = (
				ED826C5228E587520036616E /* PBXTargetDependency */,
			);
			name = "Create Note App - Core DataTests";
			productName = "Create Note App - Core DataTests";
			productReference = ED826C5028E587520036616E /* Create Note App - Core DataTests.xctest */;
			productType = "com.apple.product-type.bundle.unit-test";
		};
		ED826C5928E587520036616E /* Create Note App - Core DataUITests */ = {
			isa = PBXNativeTarget;
			buildConfigurationList = ED826C6A28E587520036616E /* Build configuration list for PBXNativeTarget "Create Note App - Core DataUITests" */;
			buildPhases = (
				ED826C5628E587520036616E /* Sources */,
				ED826C5728E587520036616E /* Frameworks */,
				ED826C5828E587520036616E /* Resources */,
			);
			buildRules = (
			);
			dependencies = (
				ED826C5C28E587520036616E /* PBXTargetDependency */,
			);
			name = "Create Note App - Core DataUITests";
			productName = "Create Note App - Core DataUITests";
			productReference = ED826C5A28E587520036616E /* Create Note App - Core DataUITests.xctest */;
			productType = "com.apple.product-type.bundle.ui-testing";
		};
/* End PBXNativeTarget section */

/* Begin PBXProject section */
		ED826C2F28E587520036616E /* Project object */ = {
			isa = PBXProject;
			attributes = {
				BuildIndependentTargetsInParallel = 1;
				LastSwiftUpdateCheck = 1400;
				LastUpgradeCheck = 1400;
				TargetAttributes = {
					ED826C3628E587520036616E = {
						CreatedOnToolsVersion = 14.0.1;
					};
					ED826C4F28E587520036616E = {
						CreatedOnToolsVersion = 14.0.1;
						TestTargetID = ED826C3628E587520036616E;
					};
					ED826C5928E587520036616E = {
						CreatedOnToolsVersion = 14.0.1;
						TestTargetID = ED826C3628E587520036616E;
					};
				};
			};
			buildConfigurationList = ED826C3228E587520036616E /* Build configuration list for PBXProject "Create Note App - Core Data" */;
			compatibilityVersion = "Xcode 14.0";
			developmentRegion = en;
			hasScannedForEncodings = 0;
			knownRegions = (
				en,
				Base,
			);
			mainGroup = ED826C2E28E587520036616E;
			productRefGroup = ED826C3828E587520036616E /* Products */;
			projectDirPath = "";
			projectRoot = "";
			targets = (
				ED826C3628E587520036616E /* Create Note App - Core Data */,
				ED826C4F28E587520036616E /* Create Note App - Core DataTests */,
				ED826C5928E587520036616E /* Create Note App - Core DataUITests */,
			);
		};
/* End PBXProject section */

/* Begin PBXResourcesBuildPhase section */
		ED826C3528E587520036616E /* Resources */ = {
			isa = PBXResourcesBuildPhase;
			buildActionMask = 2147483647;
			files = (
				ED826C4A28E587520036616E /* LaunchScreen.storyboard in Resources */,
				ED826C4728E587520036616E /* Assets.xcassets in Resources */,
				ED826C4228E587520036616E /* Main.storyboard in Resources */,
			);
			runOnlyForDeploymentPostprocessing = 0;
		};
		ED826C4E28E587520036616E /* Resources */ = {
			isa = PBXResourcesBuildPhase;
			buildActionMask = 2147483647;
			files = (
			);
			runOnlyForDeploymentPostprocessing = 0;
		};
		ED826C5828E587520036616E /* Resources */ = {
			isa = PBXResourcesBuildPhase;
			buildActionMask = 2147483647;
			files = (
			);
			runOnlyForDeploymentPostprocessing = 0;
		};
/* End PBXResourcesBuildPhase section */

/* Begin PBXSourcesBuildPhase section */
		ED826C3328E587520036616E /* Sources */ = {
			isa = PBXSourcesBuildPhase;
			buildActionMask = 2147483647;
			files = (
				ED826C4528E587520036616E /* Create_Note_App___Core_Data.xcdatamodeld in Sources */,
				ED826C3B28E587520036616E /* AppDelegate.swift in Sources */,
				ED826C7128E589310036616E /* Notes+CoreDataProperties.swift in Sources */,
				ED826C7028E589310036616E /* Notes+CoreDataClass.swift in Sources */,
				ED826C7428E58B420036616E /* NoteViewController.swift in Sources */,
				ED826C3D28E587520036616E /* SceneDelegate.swift in Sources */,
			);
			runOnlyForDeploymentPostprocessing = 0;
		};
		ED826C4C28E587520036616E /* Sources */ = {
			isa = PBXSourcesBuildPhase;
			buildActionMask = 2147483647;
			files = (
				ED826C5528E587520036616E /* Create_Note_App___Core_DataTests.swift in Sources */,
			);
			runOnlyForDeploymentPostprocessing = 0;
		};
		ED826C5628E587520036616E /* Sources */ = {
			isa = PBXSourcesBuildPhase;
			buildActionMask = 2147483647;
			files = (
				ED826C5F28E587520036616E /* Create_Note_App___Core_DataUITests.swift in Sources */,
				ED826C6128E587520036616E /* Create_Note_App___Core_DataUITestsLaunchTests.swift in Sources */,
			);
			runOnlyForDeploymentPostprocessing = 0;
		};
/* End PBXSourcesBuildPhase section */

/* Begin PBXTargetDependency section */
		ED826C5228E587520036616E /* PBXTargetDependency */ = {
			isa = PBXTargetDependency;
			target = ED826C3628E587520036616E /* Create Note App - Core Data */;
			targetProxy = ED826C5128E587520036616E /* PBXContainerItemProxy */;
		};
		ED826C5C28E587520036616E /* PBXTargetDependency */ = {
			isa = PBXTargetDependency;
			target = ED826C3628E587520036616E /* Create Note App - Core Data */;
			targetProxy = ED826C5B28E587520036616E /* PBXContainerItemProxy */;
		};
/* End PBXTargetDependency section */

/* Begin PBXVariantGroup section */
		ED826C4028E587520036616E /* Main.storyboard */ = {
			isa = PBXVariantGroup;
			children = (
				ED826C4128E587520036616E /* Base */,
			);
			name = Main.storyboard;
			sourceTree = "<group>";
		};
		ED826C4828E587520036616E /* LaunchScreen.storyboard */ = {
			isa = PBXVariantGroup;
			children = (
				ED826C4928E587520036616E /* Base */,
			);
			name = LaunchScreen.storyboard;
			sourceTree = "<group>";
		};
/* End PBXVariantGroup section */

/* Begin XCBuildConfiguration section */
		ED826C6228E587520036616E /* Debug */ = {
			isa = XCBuildConfiguration;
			buildSettings = {
				ALWAYS_SEARCH_USER_PATHS = NO;
				CLANG_ANALYZER_NONNULL = YES;
				CLANG_ANALYZER_NUMBER_OBJECT_CONVERSION = YES_AGGRESSIVE;
				CLANG_CXX_LANGUAGE_STANDARD = "gnu++20";
				CLANG_ENABLE_MODULES = YES;
				CLANG_ENABLE_OBJC_ARC = YES;
				CLANG_ENABLE_OBJC_WEAK = YES;
				CLANG_WARN_BLOCK_CAPTURE_AUTORELEASING = YES;
				CLANG_WARN_BOOL_CONVERSION = YES;
				CLANG_WARN_COMMA = YES;
				CLANG_WARN_CONSTANT_CONVERSION = YES;
				CLANG_WARN_DEPRECATED_OBJC_IMPLEMENTATIONS = YES;
				CLANG_WARN_DIRECT_OBJC_ISA_USAGE = YES_ERROR;
				CLANG_WARN_DOCUMENTATION_COMMENTS = YES;
				CLANG_WARN_EMPTY_BODY = YES;
				CLANG_WARN_ENUM_CONVERSION = YES;
				CLANG_WARN_INFINITE_RECURSION = YES;
				CLANG_WARN_INT_CONVERSION = YES;
				CLANG_WARN_NON_LITERAL_NULL_CONVERSION = YES;
				CLANG_WARN_OBJC_IMPLICIT_RETAIN_SELF = YES;
				CLANG_WARN_OBJC_LITERAL_CONVERSION = YES;
				CLANG_WARN_OBJC_ROOT_CLASS = YES_ERROR;
				CLANG_WARN_QUOTED_INCLUDE_IN_FRAMEWORK_HEADER = YES;
				CLANG_WARN_RANGE_LOOP_ANALYSIS = YES;
				CLANG_WARN_STRICT_PROTOTYPES = YES;
				CLANG_WARN_SUSPICIOUS_MOVE = YES;
				CLANG_WARN_UNGUARDED_AVAILABILITY = YES_AGGRESSIVE;
				CLANG_WARN_UNREACHABLE_CODE = YES;
				CLANG_WARN__DUPLICATE_METHOD_MATCH = YES;
				COPY_PHASE_STRIP = NO;
				DEBUG_INFORMATION_FORMAT = dwarf;
				ENABLE_STRICT_OBJC_MSGSEND = YES;
				ENABLE_TESTABILITY = YES;
				GCC_C_LANGUAGE_STANDARD = gnu11;
				GCC_DYNAMIC_NO_PIC = NO;
				GCC_NO_COMMON_BLOCKS = YES;
				GCC_OPTIMIZATION_LEVEL = 0;
				GCC_PREPROCESSOR_DEFINITIONS = (
					"DEBUG=1",
					"$(inherited)",
				);
				GCC_WARN_64_TO_32_BIT_CONVERSION = YES;
				GCC_WARN_ABOUT_RETURN_TYPE = YES_ERROR;
				GCC_WARN_UNDECLARED_SELECTOR = YES;
				GCC_WARN_UNINITIALIZED_AUTOS = YES_AGGRESSIVE;
				GCC_WARN_UNUSED_FUNCTION = YES;
				GCC_WARN_UNUSED_VARIABLE = YES;
				IPHONEOS_DEPLOYMENT_TARGET = 16.0;
				MTL_ENABLE_DEBUG_INFO = INCLUDE_SOURCE;
				MTL_FAST_MATH = YES;
				ONLY_ACTIVE_ARCH = YES;
				SDKROOT = iphoneos;
				SWIFT_ACTIVE_COMPILATION_CONDITIONS = DEBUG;
				SWIFT_OPTIMIZATION_LEVEL = "-Onone";
			};
			name = Debug;
		};
		ED826C6328E587520036616E /* Release */ = {
			isa = XCBuildConfiguration;
			buildSettings = {
				ALWAYS_SEARCH_USER_PATHS = NO;
				CLANG_ANALYZER_NONNULL = YES;
				CLANG_ANALYZER_NUMBER_OBJECT_CONVERSION = YES_AGGRESSIVE;
				CLANG_CXX_LANGUAGE_STANDARD = "gnu++20";
				CLANG_ENABLE_MODULES = YES;
				CLANG_ENABLE_OBJC_ARC = YES;
				CLANG_ENABLE_OBJC_WEAK = YES;
				CLANG_WARN_BLOCK_CAPTURE_AUTORELEASING = YES;
				CLANG_WARN_BOOL_CONVERSION = YES;
				CLANG_WARN_COMMA = YES;
				CLANG_WARN_CONSTANT_CONVERSION = YES;
				CLANG_WARN_DEPRECATED_OBJC_IMPLEMENTATIONS = YES;
				CLANG_WARN_DIRECT_OBJC_ISA_USAGE = YES_ERROR;
				CLANG_WARN_DOCUMENTATION_COMMENTS = YES;
				CLANG_WARN_EMPTY_BODY = YES;
				CLANG_WARN_ENUM_CONVERSION = YES;
				CLANG_WARN_INFINITE_RECURSION = YES;
				CLANG_WARN_INT_CONVERSION = YES;
				CLANG_WARN_NON_LITERAL_NULL_CONVERSION = YES;
				CLANG_WARN_OBJC_IMPLICIT_RETAIN_SELF = YES;
				CLANG_WARN_OBJC_LITERAL_CONVERSION = YES;
				CLANG_WARN_OBJC_ROOT_CLASS = YES_ERROR;
				CLANG_WARN_QUOTED_INCLUDE_IN_FRAMEWORK_HEADER = YES;
				CLANG_WARN_RANGE_LOOP_ANALYSIS = YES;
				CLANG_WARN_STRICT_PROTOTYPES = YES;
				CLANG_WARN_SUSPICIOUS_MOVE = YES;
				CLANG_WARN_UNGUARDED_AVAILABILITY = YES_AGGRESSIVE;
				CLANG_WARN_UNREACHABLE_CODE = YES;
				CLANG_WARN__DUPLICATE_METHOD_MATCH = YES;
				COPY_PHASE_STRIP = NO;
				DEBUG_INFORMATION_FORMAT = "dwarf-with-dsym";
				ENABLE_NS_ASSERTIONS = NO;
				ENABLE_STRICT_OBJC_MSGSEND = YES;
				GCC_C_LANGUAGE_STANDARD = gnu11;
				GCC_NO_COMMON_BLOCKS = YES;
				GCC_WARN_64_TO_32_BIT_CONVERSION = YES;
				GCC_WARN_ABOUT_RETURN_TYPE = YES_ERROR;
				GCC_WARN_UNDECLARED_SELECTOR = YES;
				GCC_WARN_UNINITIALIZED_AUTOS = YES_AGGRESSIVE;
				GCC_WARN_UNUSED_FUNCTION = YES;
				GCC_WARN_UNUSED_VARIABLE = YES;
				IPHONEOS_DEPLOYMENT_TARGET = 16.0;
				MTL_ENABLE_DEBUG_INFO = NO;
				MTL_FAST_MATH = YES;
				SDKROOT = iphoneos;
				SWIFT_COMPILATION_MODE = wholemodule;
				SWIFT_OPTIMIZATION_LEVEL = "-O";
				VALIDATE_PRODUCT = YES;
			};
			name = Release;
		};
		ED826C6528E587520036616E /* Debug */ = {
			isa = XCBuildConfiguration;
			buildSettings = {
				ASSETCATALOG_COMPILER_APPICON_NAME = AppIcon;
				ASSETCATALOG_COMPILER_GLOBAL_ACCENT_COLOR_NAME = AccentColor;
				CODE_SIGN_STYLE = Automatic;
				CURRENT_PROJECT_VERSION = 1;
				DEVELOPMENT_TEAM = NJ4K9T8A9V;
				GENERATE_INFOPLIST_FILE = YES;
				INFOPLIST_FILE = "Create Note App - Core Data/Info.plist";
				INFOPLIST_KEY_UIApplicationSupportsIndirectInputEvents = YES;
				INFOPLIST_KEY_UILaunchStoryboardName = LaunchScreen;
				INFOPLIST_KEY_UIMainStoryboardFile = Main;
				INFOPLIST_KEY_UISupportedInterfaceOrientations_iPad = "UIInterfaceOrientationPortrait UIInterfaceOrientationPortraitUpsideDown UIInterfaceOrientationLandscapeLeft UIInterfaceOrientationLandscapeRight";
				INFOPLIST_KEY_UISupportedInterfaceOrientations_iPhone = "UIInterfaceOrientationPortrait UIInterfaceOrientationLandscapeLeft UIInterfaceOrientationLandscapeRight";
				LD_RUNPATH_SEARCH_PATHS = (
					"$(inherited)",
					"@executable_path/Frameworks",
				);
				MARKETING_VERSION = 1.0;
				PRODUCT_BUNDLE_IDENTIFIER = "bugraozugurlu.Create-Note-App---Core-Data";
				PRODUCT_NAME = "$(TARGET_NAME)";
				SWIFT_EMIT_LOC_STRINGS = YES;
				SWIFT_VERSION = 5.0;
				TARGETED_DEVICE_FAMILY = "1,2";
			};
			name = Debug;
		};
		ED826C6628E587520036616E /* Release */ = {
			isa = XCBuildConfiguration;
			buildSettings = {
				ASSETCATALOG_COMPILER_APPICON_NAME = AppIcon;
				ASSETCATALOG_COMPILER_GLOBAL_ACCENT_COLOR_NAME = AccentColor;
				CODE_SIGN_STYLE = Automatic;
				CURRENT_PROJECT_VERSION = 1;
				DEVELOPMENT_TEAM = NJ4K9T8A9V;
				GENERATE_INFOPLIST_FILE = YES;
				INFOPLIST_FILE = "Create Note App - Core Data/Info.plist";
				INFOPLIST_KEY_UIApplicationSupportsIndirectInputEvents = YES;
				INFOPLIST_KEY_UILaunchStoryboardName = LaunchScreen;
				INFOPLIST_KEY_UIMainStoryboardFile = Main;
				INFOPLIST_KEY_UISupportedInterfaceOrientations_iPad = "UIInterfaceOrientationPortrait UIInterfaceOrientationPortraitUpsideDown UIInterfaceOrientationLandscapeLeft UIInterfaceOrientationLandscapeRight";
				INFOPLIST_KEY_UISupportedInterfaceOrientations_iPhone = "UIInterfaceOrientationPortrait UIInterfaceOrientationLandscapeLeft UIInterfaceOrientationLandscapeRight";
				LD_RUNPATH_SEARCH_PATHS = (
					"$(inherited)",
					"@executable_path/Frameworks",
				);
				MARKETING_VERSION = 1.0;
				PRODUCT_BUNDLE_IDENTIFIER = "bugraozugurlu.Create-Note-App---Core-Data";
				PRODUCT_NAME = "$(TARGET_NAME)";
				SWIFT_EMIT_LOC_STRINGS = YES;
				SWIFT_VERSION = 5.0;
				TARGETED_DEVICE_FAMILY = "1,2";
			};
			name = Release;
		};
		ED826C6828E587520036616E /* Debug */ = {
			isa = XCBuildConfiguration;
			buildSettings = {
				ALWAYS_EMBED_SWIFT_STANDARD_LIBRARIES = YES;
				BUNDLE_LOADER = "$(TEST_HOST)";
				CODE_SIGN_STYLE = Automatic;
				CURRENT_PROJECT_VERSION = 1;
				DEVELOPMENT_TEAM = NJ4K9T8A9V;
				GENERATE_INFOPLIST_FILE = YES;
				IPHONEOS_DEPLOYMENT_TARGET = 16.0;
				MARKETING_VERSION = 1.0;
				PRODUCT_BUNDLE_IDENTIFIER = "bugraozugurlu.Create-Note-App---Core-DataTests";
				PRODUCT_NAME = "$(TARGET_NAME)";
				SWIFT_EMIT_LOC_STRINGS = NO;
				SWIFT_VERSION = 5.0;
				TARGETED_DEVICE_FAMILY = "1,2";
				TEST_HOST = "$(BUILT_PRODUCTS_DIR)/Create Note App - Core Data.app/$(BUNDLE_EXECUTABLE_FOLDER_PATH)/Create Note App - Core Data";
			};
			name = Debug;
		};
		ED826C6928E587520036616E /* Release */ = {
			isa = XCBuildConfiguration;
			buildSettings = {
				ALWAYS_EMBED_SWIFT_STANDARD_LIBRARIES = YES;
				BUNDLE_LOADER = "$(TEST_HOST)";
				CODE_SIGN_STYLE = Automatic;
				CURRENT_PROJECT_VERSION = 1;
				DEVELOPMENT_TEAM = NJ4K9T8A9V;
				GENERATE_INFOPLIST_FILE = YES;
				IPHONEOS_DEPLOYMENT_TARGET = 16.0;
				MARKETING_VERSION = 1.0;
				PRODUCT_BUNDLE_IDENTIFIER = "bugraozugurlu.Create-Note-App---Core-DataTests";
				PRODUCT_NAME = "$(TARGET_NAME)";
				SWIFT_EMIT_LOC_STRINGS = NO;
				SWIFT_VERSION = 5.0;
				TARGETED_DEVICE_FAMILY = "1,2";
				TEST_HOST = "$(BUILT_PRODUCTS_DIR)/Create Note App - Core Data.app/$(BUNDLE_EXECUTABLE_FOLDER_PATH)/Create Note App - Core Data";
			};
			name = Release;
		};
		ED826C6B28E587520036616E /* Debug */ = {
			isa = XCBuildConfiguration;
			buildSettings = {
				ALWAYS_EMBED_SWIFT_STANDARD_LIBRARIES = YES;
				CODE_SIGN_STYLE = Automatic;
				CURRENT_PROJECT_VERSION = 1;
				DEVELOPMENT_TEAM = NJ4K9T8A9V;
				GENERATE_INFOPLIST_FILE = YES;
				MARKETING_VERSION = 1.0;
				PRODUCT_BUNDLE_IDENTIFIER = "bugraozugurlu.Create-Note-App---Core-DataUITests";
				PRODUCT_NAME = "$(TARGET_NAME)";
				SWIFT_EMIT_LOC_STRINGS = NO;
				SWIFT_VERSION = 5.0;
				TARGETED_DEVICE_FAMILY = "1,2";
				TEST_TARGET_NAME = "Create Note App - Core Data";
			};
			name = Debug;
		};
		ED826C6C28E587520036616E /* Release */ = {
			isa = XCBuildConfiguration;
			buildSettings = {
				ALWAYS_EMBED_SWIFT_STANDARD_LIBRARIES = YES;
				CODE_SIGN_STYLE = Automatic;
				CURRENT_PROJECT_VERSION = 1;
				DEVELOPMENT_TEAM = NJ4K9T8A9V;
				GENERATE_INFOPLIST_FILE = YES;
				MARKETING_VERSION = 1.0;
				PRODUCT_BUNDLE_IDENTIFIER = "bugraozugurlu.Create-Note-App---Core-DataUITests";
				PRODUCT_NAME = "$(TARGET_NAME)";
				SWIFT_EMIT_LOC_STRINGS = NO;
				SWIFT_VERSION = 5.0;
				TARGETED_DEVICE_FAMILY = "1,2";
				TEST_TARGET_NAME = "Create Note App - Core Data";
			};
			name = Release;
		};
/* End XCBuildConfiguration section */

/* Begin XCConfigurationList section */
		ED826C3228E587520036616E /* Build configuration list for PBXProject "Create Note App - Core Data" */ = {
			isa = XCConfigurationList;
			buildConfigurations = (
				ED826C6228E587520036616E /* Debug */,
				ED826C6328E587520036616E /* Release */,
			);
			defaultConfigurationIsVisible = 0;
			defaultConfigurationName = Release;
		};
		ED826C6428E587520036616E /* Build configuration list for PBXNativeTarget "Create Note App - Core Data" */ = {
			isa = XCConfigurationList;
			buildConfigurations = (
				ED826C6528E587520036616E /* Debug */,
				ED826C6628E587520036616E /* Release */,
			);
			defaultConfigurationIsVisible = 0;
			defaultConfigurationName = Release;
		};
		ED826C6728E587520036616E /* Build configuration list for PBXNativeTarget "Create Note App - Core DataTests" */ = {
			isa = XCConfigurationList;
			buildConfigurations = (
				ED826C6828E587520036616E /* Debug */,
				ED826C6928E587520036616E /* Release */,
			);
			defaultConfigurationIsVisible = 0;
			defaultConfigurationName = Release;
		};
		ED826C6A28E587520036616E /* Build configuration list for PBXNativeTarget "Create Note App - Core DataUITests" */ = {
			isa = XCConfigurationList;
			buildConfigurations = (
				ED826C6B28E587520036616E /* Debug */,
				ED826C6C28E587520036616E /* Release */,
			);
			defaultConfigurationIsVisible = 0;
			defaultConfigurationName = Release;
		};
/* End XCConfigurationList section */

/* Begin XCVersionGroup section */
		ED826C4328E587520036616E /* Create_Note_App___Core_Data.xcdatamodeld */ = {
			isa = XCVersionGroup;
			children = (
				ED826C4428E587520036616E /* Create_Note_App___Core_Data.xcdatamodel */,
			);
			currentVersion = ED826C4428E587520036616E /* Create_Note_App___Core_Data.xcdatamodel */;
			path = "Create_Note_App___Core_Data.xcdatamodeld";
			sourceTree = "<group>";
			versionGroupType = wrapper.xcdatamodel;
		};
/* End XCVersionGroup section */
	};
	rootObject = ED826C2F28E587520036616E /* Project object */;
}
